
Microsoft Visual Studio Solution File, Format Version 12.00
Project("{FAE04EC0-301F-11D3-BF4B-00C04F79EFBC}") = "Jellyfin.Plugin.SmartCollections", "Jellyfin.Plugin.SmartCollections\Jellyfin.Plugin.SmartCollections.csproj", "{D921B930-CF91-406F-ACBC-08914DCD0D34}"
EndProject
Project("{FAE04EC0-301F-11D3-BF4B-00C04F79EFBC}") = "Jellyfin.Plugin.SmartCollections.Tests", "Jellyfin.Plugin.SmartCollections.Tests\Jellyfin.Plugin.SmartCollections.Tests.csproj", "{9A8FA239-6F15-421F-BAAA-105FEEB3658B}"
EndProject
Project("{FAE04EC0-301F-11D3-BF4B-00C04F79EFBC}") = "Jellyfin.Plugin.SmartCollections.Engine", "Jellyfin.Plugin.SmartCollections.Engine\Jellyfin.Plugin.SmartCollections.Engine.csproj", "{4CBC259F-0C06-4833-85BC-B3441A8BFC4D}"
EndProject
Global
	GlobalSection(SolutionConfigurationPlatforms) = preSolution
		Debug|Any CPU = Debug|Any CPU
		Debug|x64 = Debug|x64
		Debug|x86 = Debug|x86
		Release|Any CPU = Release|Any CPU
		Release|x64 = Release|x64
		Release|x86 = Release|x86
	EndGlobalSection
	GlobalSection(ProjectConfigurationPlatforms) = postSolution
		{D921B930-CF91-406F-ACBC-08914DCD0D34}.Debug|Any CPU.ActiveCfg = Debug|Any CPU
		{D921B930-CF91-406F-ACBC-08914DCD0D34}.Debug|Any CPU.Build.0 = Debug|Any CPU
		{D921B930-CF91-406F-ACBC-08914DCD0D34}.Debug|x64.ActiveCfg = Debug|Any CPU
		{D921B930-CF91-406F-ACBC-08914DCD0D34}.Debug|x64.Build.0 = Debug|Any CPU
		{D921B930-CF91-406F-ACBC-08914DCD0D34}.Debug|x86.ActiveCfg = Debug|Any CPU
		{D921B930-CF91-406F-ACBC-08914DCD0D34}.Debug|x86.Build.0 = Debug|Any CPU
		{D921B930-CF91-406F-ACBC-08914DCD0D34}.Release|Any CPU.ActiveCfg = Release|Any CPU
		{D921B930-CF91-406F-ACBC-08914DCD0D34}.Release|Any CPU.Build.0 = Release|Any CPU
		{D921B930-CF91-406F-ACBC-08914DCD0D34}.Release|x64.ActiveCfg = Release|Any CPU
		{D921B930-CF91-406F-ACBC-08914DCD0D34}.Release|x64.Build.0 = Release|Any CPU
		{D921B930-CF91-406F-ACBC-08914DCD0D34}.Release|x86.ActiveCfg = Release|Any CPU
		{D921B930-CF91-406F-ACBC-08914DCD0D34}.Release|x86.Build.0 = Release|Any CPU
		{9A8FA239-6F15-421F-BAAA-105FEEB3658B}.Debug|Any CPU.ActiveCfg = Debug|Any CPU
		{9A8FA239-6F15-421F-BAAA-105FEEB3658B}.Debug|Any CPU.Build.0 = Debug|Any CPU
		{9A8FA239-6F15-421F-BAAA-105FEEB3658B}.Debug|x64.ActiveCfg = Debug|Any CPU
		{9A8FA239-6F15-421F-BAAA-105FEEB3658B}.Debug|x64.Build.0 = Debug|Any CPU
		{9A8FA239-6F15-421F-BAAA-105FEEB3658B}.Debug|x86.ActiveCfg = Debug|Any CPU
		{9A8FA239-6F15-421F-BAAA-105FEEB3658B}.Debug|x86.Build.0 = Debug|Any CPU
		{9A8FA239-6F15-421F-BAAA-105FEEB3658B}.Release|Any CPU.ActiveCfg = Release|Any CPU
		{9A8FA239-6F15-421F-BAAA-105FEEB3658B}.Release|Any CPU.Build.0 = Release|Any CPU
		{9A8FA239-6F15-421F-BAAA-105FEEB3658B}.Release|x64.ActiveCfg = Release|Any CPU
		{9A8FA239-6F15-421F-BAAA-105FEEB3658B}.Release|x64.Build.0 = Release|Any CPU
		{9A8FA239-6F15-421F-BAAA-105FEEB3658B}.Release|x86.ActiveCfg = Release|Any CPU
		{9A8FA239-6F15-421F-BAAA-105FEEB3658B}.Release|x86.Build.0 = Release|Any CPU
		{4CBC259F-0C06-4833-85BC-B3441A8BFC4D}.Debug|Any CPU.ActiveCfg = Debug|Any CPU
		{4CBC259F-0C06-4833-85BC-B3441A8BFC4D}.Debug|Any CPU.Build.0 = Debug|Any CPU
		{4CBC259F-0C06-4833-85BC-B3441A8BFC4D}.Debug|x64.ActiveCfg = Debug|Any CPU
		{4CBC259F-0C06-4833-85BC-B3441A8BFC4D}.Debug|x64.Build.0 = Debug|Any CPU
		{4CBC259F-0C06-4833-85BC-B3441A8BFC4D}.Debug|x86.ActiveCfg = Debug|Any CPU
		{4CBC259F-0C06-4833-85BC-B3441A8BFC4D}.Debug|x86.Build.0 = Debug|Any CPU
		{4CBC259F-0C06-4833-85BC-B3441A8BFC4D}.Release|Any CPU.ActiveCfg = Release|Any CPU
		{4CBC259F-0C06-4833-85BC-B3441A8BFC4D}.Release|Any CPU.Build.0 = Release|Any CPU
		{4CBC259F-0C06-4833-85BC-B3441A8BFC4D}.Release|x64.ActiveCfg = Release|Any CPU
		{4CBC259F-0C06-4833-85BC-B3441A8BFC4D}.Release|x64.Build.0 = Release|Any CPU
		{4CBC259F-0C06-4833-85BC-B3441A8BFC4D}.Release|x86.ActiveCfg = Release|Any CPU
		{4CBC259F-0C06-4833-85BC-B3441A8BFC4D}.Release|x86.Build.0 = Release|Any CPU
	EndGlobalSection
	GlobalSection(SolutionProperties) = preSolution
		HideSolutionNode = FALSE
	EndGlobalSection
EndGlobal
